
Microsoft Visual Studio Solution File, Format Version 12.00
# Visual Studio Version 16
VisualStudioVersion = 16.0.31005.135
MinimumVisualStudioVersion = 10.0.40219.1
Project("{FAE04EC0-301F-11D3-BF4B-00C04F79EFBC}") = "recursivitate3", "recursivitate3\recursivitate3.csproj", "{C952C551-8686-4EC0-9EEB-5EAB22D1E798}"
EndProject
Global
	GlobalSection(SolutionConfigurationPlatforms) = preSolution
		Debug|Any CPU = Debug|Any CPU
		Release|Any CPU = Release|Any CPU
	EndGlobalSection
	GlobalSection(ProjectConfigurationPlatforms) = postSolution
		{C952C551-8686-4EC0-9EEB-5EAB22D1E798}.Debug|Any CPU.ActiveCfg = Debug|Any CPU
		{C952C551-8686-4EC0-9EEB-5EAB22D1E798}.Debug|Any CPU.Build.0 = Debug|Any CPU
		{C952C551-8686-4EC0-9EEB-5EAB22D1E798}.Release|Any CPU.ActiveCfg = Release|Any CPU
		{C952C551-8686-4EC0-9EEB-5EAB22D1E798}.Release|Any CPU.Build.0 = Release|Any CPU
	EndGlobalSection
	GlobalSection(SolutionProperties) = preSolution
		HideSolutionNode = FALSE
	EndGlobalSection
	GlobalSection(ExtensibilityGlobals) = postSolution
		SolutionGuid = {89C0DD7C-B63F-4B52-A1AB-992951E1641D}
	EndGlobalSection
EndGlobal
